
Microsoft Visual Studio Solution File, Format Version 12.00
# Visual Studio 15
Project("{FAE04EC0-301F-11D3-BF4B-00C04F79EFBC}") = "Assembly-CSharp", "Assembly-CSharp.csproj", "{7919F09B-2414-C7FD-AB9B-83FFAE49D4A1}"
EndProject
Project("{FAE04EC0-301F-11D3-BF4B-00C04F79EFBC}") = "Assembly-CSharp-Editor", "Assembly-CSharp-Editor.csproj", "{F8FA5F6A-009B-4B82-9C20-4273CCB7BA96}"
EndProject
Global
	GlobalSection(SolutionConfigurationPlatforms) = preSolution
		Debug|Any CPU = Debug|Any CPU
		Release|Any CPU = Release|Any CPU
	EndGlobalSection
	GlobalSection(ProjectConfigurationPlatforms) = postSolution
		{7919F09B-2414-C7FD-AB9B-83FFAE49D4A1}.Debug|Any CPU.ActiveCfg = Debug|Any CPU
		{7919F09B-2414-C7FD-AB9B-83FFAE49D4A1}.Debug|Any CPU.Build.0 = Debug|Any CPU
		{7919F09B-2414-C7FD-AB9B-83FFAE49D4A1}.Release|Any CPU.ActiveCfg = Release|Any CPU
		{7919F09B-2414-C7FD-AB9B-83FFAE49D4A1}.Release|Any CPU.Build.0 = Release|Any CPU
		{F8FA5F6A-009B-4B82-9C20-4273CCB7BA96}.Debug|Any CPU.ActiveCfg = Debug|Any CPU
		{F8FA5F6A-009B-4B82-9C20-4273CCB7BA96}.Debug|Any CPU.Build.0 = Debug|Any CPU
		{F8FA5F6A-009B-4B82-9C20-4273CCB7BA96}.Release|Any CPU.ActiveCfg = Release|Any CPU
		{F8FA5F6A-009B-4B82-9C20-4273CCB7BA96}.Release|Any CPU.Build.0 = Release|Any CPU
	EndGlobalSection
	GlobalSection(SolutionProperties) = preSolution
		HideSolutionNode = FALSE
	EndGlobalSection
EndGlobal
